
Microsoft Visual Studio Solution File, Format Version 11.00
# Visual Studio 2010 Express for Windows Phone
Project("{FAE04EC0-301F-11D3-BF4B-00C04F79EFBC}") = "Knock", "Knock\Knock.csproj", "{FD2A9481-D7D6-4E83-95FB-1E5A70104891}"
EndProject
Global
	GlobalSection(SolutionConfigurationPlatforms) = preSolution
		Debug|Any CPU = Debug|Any CPU
		Release|Any CPU = Release|Any CPU
	EndGlobalSection
	GlobalSection(ProjectConfigurationPlatforms) = postSolution
		{FD2A9481-D7D6-4E83-95FB-1E5A70104891}.Debug|Any CPU.ActiveCfg = Debug|Any CPU
		{FD2A9481-D7D6-4E83-95FB-1E5A70104891}.Debug|Any CPU.Build.0 = Debug|Any CPU
		{FD2A9481-D7D6-4E83-95FB-1E5A70104891}.Debug|Any CPU.Deploy.0 = Debug|Any CPU
		{FD2A9481-D7D6-4E83-95FB-1E5A70104891}.Release|Any CPU.ActiveCfg = Release|Any CPU
		{FD2A9481-D7D6-4E83-95FB-1E5A70104891}.Release|Any CPU.Build.0 = Release|Any CPU
		{FD2A9481-D7D6-4E83-95FB-1E5A70104891}.Release|Any CPU.Deploy.0 = Release|Any CPU
	EndGlobalSection
	GlobalSection(SolutionProperties) = preSolution
		HideSolutionNode = FALSE
	EndGlobalSection
EndGlobal
